
Microsoft Visual Studio Solution File, Format Version 12.00
# Visual Studio Version 17
VisualStudioVersion = 17.0.31903.59
MinimumVisualStudioVersion = 10.0.40219.1
Project("{2150E333-8FDC-42A3-9474-1A3956D46DE8}") = "Common", "Common", "{881589EE-639B-0A35-DBCE-5D94E4FC90C0}"
EndProject
Project("{FAE04EC0-301F-11D3-BF4B-00C04F79EFBC}") = "Shared.Contracts", "Common\Shared.Contracts\Shared.Contracts.csproj", "{EAE7F4A9-00FA-4A3E-8130-45238F44ED1A}"
EndProject
Project("{2150E333-8FDC-42A3-9474-1A3956D46DE8}") = "ProposalService", "ProposalService", "{A0D292EA-3356-3297-4CAD-B50F1D217112}"
EndProject
Project("{FAE04EC0-301F-11D3-BF4B-00C04F79EFBC}") = "Proposal.Domain", "ProposalService\Proposal.Domain\Proposal.Domain.csproj", "{FB97D592-B9D0-4D56-9464-10D3EFE5E388}"
EndProject
Project("{FAE04EC0-301F-11D3-BF4B-00C04F79EFBC}") = "Proposal.Application", "ProposalService\Proposal.Application\Proposal.Application.csproj", "{65BA1988-5D28-4793-95B7-2FB8741454C3}"
EndProject
Project("{FAE04EC0-301F-11D3-BF4B-00C04F79EFBC}") = "Proposal.Infrastructure", "ProposalService\Proposal.Infrastructure\Proposal.Infrastructure.csproj", "{D3133AA0-6D41-487D-B150-0F80990F7FDE}"
EndProject
Project("{FAE04EC0-301F-11D3-BF4B-00C04F79EFBC}") = "Proposal.Api", "ProposalService\Proposal.Api\Proposal.Api.csproj", "{913CA45C-2452-4A96-A431-C20DE963C5A4}"
EndProject
Project("{FAE04EC0-301F-11D3-BF4B-00C04F79EFBC}") = "Proposal.Tests", "ProposalService\Proposal.Tests\Proposal.Tests.csproj", "{27526338-B31D-4DB7-BD09-C7EFC00624C1}"
EndProject
Project("{2150E333-8FDC-42A3-9474-1A3956D46DE8}") = "ContractService", "ContractService", "{E2890365-AE13-6230-6F90-9C3F97B2EEC6}"
EndProject
Project("{FAE04EC0-301F-11D3-BF4B-00C04F79EFBC}") = "Contract.Domain", "ContractService\Contract.Domain\Contract.Domain.csproj", "{92234BEF-AC7D-4601-9D51-6DD8059C5500}"
EndProject
Project("{FAE04EC0-301F-11D3-BF4B-00C04F79EFBC}") = "Contract.Application", "ContractService\Contract.Application\Contract.Application.csproj", "{2943D39E-925F-4A46-9976-C7C1B2C224B9}"
EndProject
Project("{FAE04EC0-301F-11D3-BF4B-00C04F79EFBC}") = "Contract.Infrastructure", "ContractService\Contract.Infrastructure\Contract.Infrastructure.csproj", "{EA549A03-52FD-42CF-A3E3-94C283F5CB08}"
EndProject
Project("{FAE04EC0-301F-11D3-BF4B-00C04F79EFBC}") = "Contract.Api", "ContractService\Contract.Api\Contract.Api.csproj", "{99C81571-083C-45F1-B7AE-3254B2E30A38}"
EndProject
Project("{FAE04EC0-301F-11D3-BF4B-00C04F79EFBC}") = "Contract.Tests", "ContractService\Contract.Tests\Contract.Tests.csproj", "{65F38C89-E3AD-43E5-9085-E0EFCAB3F38F}"
EndProject
Project("{FAE04EC0-301F-11D3-BF4B-00C04F79EFBC}") = "Proposal.Application.Contracts", "ProposalService\Proposal.Application.Contracts\Proposal.Application.Contracts.csproj", "{8F3769AE-F994-48F4-89A5-B164A9AC0BE6}"
EndProject
Project("{FAE04EC0-301F-11D3-BF4B-00C04F79EFBC}") = "Contract.Application.Contracts", "ContractService\Contract.Application.Contracts\Contract.Application.Contracts.csproj", "{2DEFE3EF-1683-46A7-9A81-B6B5447366B7}"
EndProject
Global
	GlobalSection(SolutionConfigurationPlatforms) = preSolution
		Debug|Any CPU = Debug|Any CPU
		Debug|x64 = Debug|x64
		Debug|x86 = Debug|x86
		Release|Any CPU = Release|Any CPU
		Release|x64 = Release|x64
		Release|x86 = Release|x86
	EndGlobalSection
	GlobalSection(ProjectConfigurationPlatforms) = postSolution
		{EAE7F4A9-00FA-4A3E-8130-45238F44ED1A}.Debug|Any CPU.ActiveCfg = Debug|Any CPU
		{EAE7F4A9-00FA-4A3E-8130-45238F44ED1A}.Debug|Any CPU.Build.0 = Debug|Any CPU
		{EAE7F4A9-00FA-4A3E-8130-45238F44ED1A}.Debug|x64.ActiveCfg = Debug|Any CPU
		{EAE7F4A9-00FA-4A3E-8130-45238F44ED1A}.Debug|x64.Build.0 = Debug|Any CPU
		{EAE7F4A9-00FA-4A3E-8130-45238F44ED1A}.Debug|x86.ActiveCfg = Debug|Any CPU
		{EAE7F4A9-00FA-4A3E-8130-45238F44ED1A}.Debug|x86.Build.0 = Debug|Any CPU
		{EAE7F4A9-00FA-4A3E-8130-45238F44ED1A}.Release|Any CPU.ActiveCfg = Release|Any CPU
		{EAE7F4A9-00FA-4A3E-8130-45238F44ED1A}.Release|Any CPU.Build.0 = Release|Any CPU
		{EAE7F4A9-00FA-4A3E-8130-45238F44ED1A}.Release|x64.ActiveCfg = Release|Any CPU
		{EAE7F4A9-00FA-4A3E-8130-45238F44ED1A}.Release|x64.Build.0 = Release|Any CPU
		{EAE7F4A9-00FA-4A3E-8130-45238F44ED1A}.Release|x86.ActiveCfg = Release|Any CPU
		{EAE7F4A9-00FA-4A3E-8130-45238F44ED1A}.Release|x86.Build.0 = Release|Any CPU
		{FB97D592-B9D0-4D56-9464-10D3EFE5E388}.Debug|Any CPU.ActiveCfg = Debug|Any CPU
		{FB97D592-B9D0-4D56-9464-10D3EFE5E388}.Debug|Any CPU.Build.0 = Debug|Any CPU
		{FB97D592-B9D0-4D56-9464-10D3EFE5E388}.Debug|x64.ActiveCfg = Debug|Any CPU
		{FB97D592-B9D0-4D56-9464-10D3EFE5E388}.Debug|x64.Build.0 = Debug|Any CPU
		{FB97D592-B9D0-4D56-9464-10D3EFE5E388}.Debug|x86.ActiveCfg = Debug|Any CPU
		{FB97D592-B9D0-4D56-9464-10D3EFE5E388}.Debug|x86.Build.0 = Debug|Any CPU
		{FB97D592-B9D0-4D56-9464-10D3EFE5E388}.Release|Any CPU.ActiveCfg = Release|Any CPU
		{FB97D592-B9D0-4D56-9464-10D3EFE5E388}.Release|Any CPU.Build.0 = Release|Any CPU
		{FB97D592-B9D0-4D56-9464-10D3EFE5E388}.Release|x64.ActiveCfg = Release|Any CPU
		{FB97D592-B9D0-4D56-9464-10D3EFE5E388}.Release|x64.Build.0 = Release|Any CPU
		{FB97D592-B9D0-4D56-9464-10D3EFE5E388}.Release|x86.ActiveCfg = Release|Any CPU
		{FB97D592-B9D0-4D56-9464-10D3EFE5E388}.Release|x86.Build.0 = Release|Any CPU
		{65BA1988-5D28-4793-95B7-2FB8741454C3}.Debug|Any CPU.ActiveCfg = Debug|Any CPU
		{65BA1988-5D28-4793-95B7-2FB8741454C3}.Debug|Any CPU.Build.0 = Debug|Any CPU
		{65BA1988-5D28-4793-95B7-2FB8741454C3}.Debug|x64.ActiveCfg = Debug|Any CPU
		{65BA1988-5D28-4793-95B7-2FB8741454C3}.Debug|x64.Build.0 = Debug|Any CPU
		{65BA1988-5D28-4793-95B7-2FB8741454C3}.Debug|x86.ActiveCfg = Debug|Any CPU
		{65BA1988-5D28-4793-95B7-2FB8741454C3}.Debug|x86.Build.0 = Debug|Any CPU
		{65BA1988-5D28-4793-95B7-2FB8741454C3}.Release|Any CPU.ActiveCfg = Release|Any CPU
		{65BA1988-5D28-4793-95B7-2FB8741454C3}.Release|Any CPU.Build.0 = Release|Any CPU
		{65BA1988-5D28-4793-95B7-2FB8741454C3}.Release|x64.ActiveCfg = Release|Any CPU
		{65BA1988-5D28-4793-95B7-2FB8741454C3}.Release|x64.Build.0 = Release|Any CPU
		{65BA1988-5D28-4793-95B7-2FB8741454C3}.Release|x86.ActiveCfg = Release|Any CPU
		{65BA1988-5D28-4793-95B7-2FB8741454C3}.Release|x86.Build.0 = Release|Any CPU
		{D3133AA0-6D41-487D-B150-0F80990F7FDE}.Debug|Any CPU.ActiveCfg = Debug|Any CPU
		{D3133AA0-6D41-487D-B150-0F80990F7FDE}.Debug|Any CPU.Build.0 = Debug|Any CPU
		{D3133AA0-6D41-487D-B150-0F80990F7FDE}.Debug|x64.ActiveCfg = Debug|Any CPU
		{D3133AA0-6D41-487D-B150-0F80990F7FDE}.Debug|x64.Build.0 = Debug|Any CPU
		{D3133AA0-6D41-487D-B150-0F80990F7FDE}.Debug|x86.ActiveCfg = Debug|Any CPU
		{D3133AA0-6D41-487D-B150-0F80990F7FDE}.Debug|x86.Build.0 = Debug|Any CPU
		{D3133AA0-6D41-487D-B150-0F80990F7FDE}.Release|Any CPU.ActiveCfg = Release|Any CPU
		{D3133AA0-6D41-487D-B150-0F80990F7FDE}.Release|Any CPU.Build.0 = Release|Any CPU
		{D3133AA0-6D41-487D-B150-0F80990F7FDE}.Release|x64.ActiveCfg = Release|Any CPU
		{D3133AA0-6D41-487D-B150-0F80990F7FDE}.Release|x64.Build.0 = Release|Any CPU
		{D3133AA0-6D41-487D-B150-0F80990F7FDE}.Release|x86.ActiveCfg = Release|Any CPU
		{D3133AA0-6D41-487D-B150-0F80990F7FDE}.Release|x86.Build.0 = Release|Any CPU
		{913CA45C-2452-4A96-A431-C20DE963C5A4}.Debug|Any CPU.ActiveCfg = Debug|Any CPU
		{913CA45C-2452-4A96-A431-C20DE963C5A4}.Debug|Any CPU.Build.0 = Debug|Any CPU
		{913CA45C-2452-4A96-A431-C20DE963C5A4}.Debug|x64.ActiveCfg = Debug|Any CPU
		{913CA45C-2452-4A96-A431-C20DE963C5A4}.Debug|x64.Build.0 = Debug|Any CPU
		{913CA45C-2452-4A96-A431-C20DE963C5A4}.Debug|x86.ActiveCfg = Debug|Any CPU
		{913CA45C-2452-4A96-A431-C20DE963C5A4}.Debug|x86.Build.0 = Debug|Any CPU
		{913CA45C-2452-4A96-A431-C20DE963C5A4}.Release|Any CPU.ActiveCfg = Release|Any CPU
		{913CA45C-2452-4A96-A431-C20DE963C5A4}.Release|Any CPU.Build.0 = Release|Any CPU
		{913CA45C-2452-4A96-A431-C20DE963C5A4}.Release|x64.ActiveCfg = Release|Any CPU
		{913CA45C-2452-4A96-A431-C20DE963C5A4}.Release|x64.Build.0 = Release|Any CPU
		{913CA45C-2452-4A96-A431-C20DE963C5A4}.Release|x86.ActiveCfg = Release|Any CPU
		{913CA45C-2452-4A96-A431-C20DE963C5A4}.Release|x86.Build.0 = Release|Any CPU
		{27526338-B31D-4DB7-BD09-C7EFC00624C1}.Debug|Any CPU.ActiveCfg = Debug|Any CPU
		{27526338-B31D-4DB7-BD09-C7EFC00624C1}.Debug|Any CPU.Build.0 = Debug|Any CPU
		{27526338-B31D-4DB7-BD09-C7EFC00624C1}.Debug|x64.ActiveCfg = Debug|Any CPU
		{27526338-B31D-4DB7-BD09-C7EFC00624C1}.Debug|x64.Build.0 = Debug|Any CPU
		{27526338-B31D-4DB7-BD09-C7EFC00624C1}.Debug|x86.ActiveCfg = Debug|Any CPU
		{27526338-B31D-4DB7-BD09-C7EFC00624C1}.Debug|x86.Build.0 = Debug|Any CPU
		{27526338-B31D-4DB7-BD09-C7EFC00624C1}.Release|Any CPU.ActiveCfg = Release|Any CPU
		{27526338-B31D-4DB7-BD09-C7EFC00624C1}.Release|Any CPU.Build.0 = Release|Any CPU
		{27526338-B31D-4DB7-BD09-C7EFC00624C1}.Release|x64.ActiveCfg = Release|Any CPU
		{27526338-B31D-4DB7-BD09-C7EFC00624C1}.Release|x64.Build.0 = Release|Any CPU
		{27526338-B31D-4DB7-BD09-C7EFC00624C1}.Release|x86.ActiveCfg = Release|Any CPU
		{27526338-B31D-4DB7-BD09-C7EFC00624C1}.Release|x86.Build.0 = Release|Any CPU
		{92234BEF-AC7D-4601-9D51-6DD8059C5500}.Debug|Any CPU.ActiveCfg = Debug|Any CPU
		{92234BEF-AC7D-4601-9D51-6DD8059C5500}.Debug|Any CPU.Build.0 = Debug|Any CPU
		{92234BEF-AC7D-4601-9D51-6DD8059C5500}.Debug|x64.ActiveCfg = Debug|Any CPU
		{92234BEF-AC7D-4601-9D51-6DD8059C5500}.Debug|x64.Build.0 = Debug|Any CPU
		{92234BEF-AC7D-4601-9D51-6DD8059C5500}.Debug|x86.ActiveCfg = Debug|Any CPU
		{92234BEF-AC7D-4601-9D51-6DD8059C5500}.Debug|x86.Build.0 = Debug|Any CPU
		{92234BEF-AC7D-4601-9D51-6DD8059C5500}.Release|Any CPU.ActiveCfg = Release|Any CPU
		{92234BEF-AC7D-4601-9D51-6DD8059C5500}.Release|Any CPU.Build.0 = Release|Any CPU
		{92234BEF-AC7D-4601-9D51-6DD8059C5500}.Release|x64.ActiveCfg = Release|Any CPU
		{92234BEF-AC7D-4601-9D51-6DD8059C5500}.Release|x64.Build.0 = Release|Any CPU
		{92234BEF-AC7D-4601-9D51-6DD8059C5500}.Release|x86.ActiveCfg = Release|Any CPU
		{92234BEF-AC7D-4601-9D51-6DD8059C5500}.Release|x86.Build.0 = Release|Any CPU
		{2943D39E-925F-4A46-9976-C7C1B2C224B9}.Debug|Any CPU.ActiveCfg = Debug|Any CPU
		{2943D39E-925F-4A46-9976-C7C1B2C224B9}.Debug|Any CPU.Build.0 = Debug|Any CPU
		{2943D39E-925F-4A46-9976-C7C1B2C224B9}.Debug|x64.ActiveCfg = Debug|Any CPU
		{2943D39E-925F-4A46-9976-C7C1B2C224B9}.Debug|x64.Build.0 = Debug|Any CPU
		{2943D39E-925F-4A46-9976-C7C1B2C224B9}.Debug|x86.ActiveCfg = Debug|Any CPU
		{2943D39E-925F-4A46-9976-C7C1B2C224B9}.Debug|x86.Build.0 = Debug|Any CPU
		{2943D39E-925F-4A46-9976-C7C1B2C224B9}.Release|Any CPU.ActiveCfg = Release|Any CPU
		{2943D39E-925F-4A46-9976-C7C1B2C224B9}.Release|Any CPU.Build.0 = Release|Any CPU
		{2943D39E-925F-4A46-9976-C7C1B2C224B9}.Release|x64.ActiveCfg = Release|Any CPU
		{2943D39E-925F-4A46-9976-C7C1B2C224B9}.Release|x64.Build.0 = Release|Any CPU
		{2943D39E-925F-4A46-9976-C7C1B2C224B9}.Release|x86.ActiveCfg = Release|Any CPU
		{2943D39E-925F-4A46-9976-C7C1B2C224B9}.Release|x86.Build.0 = Release|Any CPU
		{EA549A03-52FD-42CF-A3E3-94C283F5CB08}.Debug|Any CPU.ActiveCfg = Debug|Any CPU
		{EA549A03-52FD-42CF-A3E3-94C283F5CB08}.Debug|Any CPU.Build.0 = Debug|Any CPU
		{EA549A03-52FD-42CF-A3E3-94C283F5CB08}.Debug|x64.ActiveCfg = Debug|Any CPU
		{EA549A03-52FD-42CF-A3E3-94C283F5CB08}.Debug|x64.Build.0 = Debug|Any CPU
		{EA549A03-52FD-42CF-A3E3-94C283F5CB08}.Debug|x86.ActiveCfg = Debug|Any CPU
		{EA549A03-52FD-42CF-A3E3-94C283F5CB08}.Debug|x86.Build.0 = Debug|Any CPU
		{EA549A03-52FD-42CF-A3E3-94C283F5CB08}.Release|Any CPU.ActiveCfg = Release|Any CPU
		{EA549A03-52FD-42CF-A3E3-94C283F5CB08}.Release|Any CPU.Build.0 = Release|Any CPU
		{EA549A03-52FD-42CF-A3E3-94C283F5CB08}.Release|x64.ActiveCfg = Release|Any CPU
		{EA549A03-52FD-42CF-A3E3-94C283F5CB08}.Release|x64.Build.0 = Release|Any CPU
		{EA549A03-52FD-42CF-A3E3-94C283F5CB08}.Release|x86.ActiveCfg = Release|Any CPU
		{EA549A03-52FD-42CF-A3E3-94C283F5CB08}.Release|x86.Build.0 = Release|Any CPU
		{99C81571-083C-45F1-B7AE-3254B2E30A38}.Debug|Any CPU.ActiveCfg = Debug|Any CPU
		{99C81571-083C-45F1-B7AE-3254B2E30A38}.Debug|Any CPU.Build.0 = Debug|Any CPU
		{99C81571-083C-45F1-B7AE-3254B2E30A38}.Debug|x64.ActiveCfg = Debug|Any CPU
		{99C81571-083C-45F1-B7AE-3254B2E30A38}.Debug|x64.Build.0 = Debug|Any CPU
		{99C81571-083C-45F1-B7AE-3254B2E30A38}.Debug|x86.ActiveCfg = Debug|Any CPU
		{99C81571-083C-45F1-B7AE-3254B2E30A38}.Debug|x86.Build.0 = Debug|Any CPU
		{99C81571-083C-45F1-B7AE-3254B2E30A38}.Release|Any CPU.ActiveCfg = Release|Any CPU
		{99C81571-083C-45F1-B7AE-3254B2E30A38}.Release|Any CPU.Build.0 = Release|Any CPU
		{99C81571-083C-45F1-B7AE-3254B2E30A38}.Release|x64.ActiveCfg = Release|Any CPU
		{99C81571-083C-45F1-B7AE-3254B2E30A38}.Release|x64.Build.0 = Release|Any CPU
		{99C81571-083C-45F1-B7AE-3254B2E30A38}.Release|x86.ActiveCfg = Release|Any CPU
		{99C81571-083C-45F1-B7AE-3254B2E30A38}.Release|x86.Build.0 = Release|Any CPU
		{65F38C89-E3AD-43E5-9085-E0EFCAB3F38F}.Debug|Any CPU.ActiveCfg = Debug|Any CPU
		{65F38C89-E3AD-43E5-9085-E0EFCAB3F38F}.Debug|Any CPU.Build.0 = Debug|Any CPU
		{65F38C89-E3AD-43E5-9085-E0EFCAB3F38F}.Debug|x64.ActiveCfg = Debug|Any CPU
		{65F38C89-E3AD-43E5-9085-E0EFCAB3F38F}.Debug|x64.Build.0 = Debug|Any CPU
		{65F38C89-E3AD-43E5-9085-E0EFCAB3F38F}.Debug|x86.ActiveCfg = Debug|Any CPU
		{65F38C89-E3AD-43E5-9085-E0EFCAB3F38F}.Debug|x86.Build.0 = Debug|Any CPU
		{65F38C89-E3AD-43E5-9085-E0EFCAB3F38F}.Release|Any CPU.ActiveCfg = Release|Any CPU
		{65F38C89-E3AD-43E5-9085-E0EFCAB3F38F}.Release|Any CPU.Build.0 = Release|Any CPU
		{65F38C89-E3AD-43E5-9085-E0EFCAB3F38F}.Release|x64.ActiveCfg = Release|Any CPU
		{65F38C89-E3AD-43E5-9085-E0EFCAB3F38F}.Release|x64.Build.0 = Release|Any CPU
		{65F38C89-E3AD-43E5-9085-E0EFCAB3F38F}.Release|x86.ActiveCfg = Release|Any CPU
		{65F38C89-E3AD-43E5-9085-E0EFCAB3F38F}.Release|x86.Build.0 = Release|Any CPU
		{8F3769AE-F994-48F4-89A5-B164A9AC0BE6}.Debug|Any CPU.ActiveCfg = Debug|Any CPU
		{8F3769AE-F994-48F4-89A5-B164A9AC0BE6}.Debug|Any CPU.Build.0 = Debug|Any CPU
		{8F3769AE-F994-48F4-89A5-B164A9AC0BE6}.Debug|x64.ActiveCfg = Debug|Any CPU
		{8F3769AE-F994-48F4-89A5-B164A9AC0BE6}.Debug|x64.Build.0 = Debug|Any CPU
		{8F3769AE-F994-48F4-89A5-B164A9AC0BE6}.Debug|x86.ActiveCfg = Debug|Any CPU
		{8F3769AE-F994-48F4-89A5-B164A9AC0BE6}.Debug|x86.Build.0 = Debug|Any CPU
		{8F3769AE-F994-48F4-89A5-B164A9AC0BE6}.Release|Any CPU.ActiveCfg = Release|Any CPU
		{8F3769AE-F994-48F4-89A5-B164A9AC0BE6}.Release|Any CPU.Build.0 = Release|Any CPU
		{8F3769AE-F994-48F4-89A5-B164A9AC0BE6}.Release|x64.ActiveCfg = Release|Any CPU
		{8F3769AE-F994-48F4-89A5-B164A9AC0BE6}.Release|x64.Build.0 = Release|Any CPU
		{8F3769AE-F994-48F4-89A5-B164A9AC0BE6}.Release|x86.ActiveCfg = Release|Any CPU
		{8F3769AE-F994-48F4-89A5-B164A9AC0BE6}.Release|x86.Build.0 = Release|Any CPU
		{2DEFE3EF-1683-46A7-9A81-B6B5447366B7}.Debug|Any CPU.ActiveCfg = Debug|Any CPU
		{2DEFE3EF-1683-46A7-9A81-B6B5447366B7}.Debug|Any CPU.Build.0 = Debug|Any CPU
		{2DEFE3EF-1683-46A7-9A81-B6B5447366B7}.Debug|x64.ActiveCfg = Debug|Any CPU
		{2DEFE3EF-1683-46A7-9A81-B6B5447366B7}.Debug|x64.Build.0 = Debug|Any CPU
		{2DEFE3EF-1683-46A7-9A81-B6B5447366B7}.Debug|x86.ActiveCfg = Debug|Any CPU
		{2DEFE3EF-1683-46A7-9A81-B6B5447366B7}.Debug|x86.Build.0 = Debug|Any CPU
		{2DEFE3EF-1683-46A7-9A81-B6B5447366B7}.Release|Any CPU.ActiveCfg = Release|Any CPU
		{2DEFE3EF-1683-46A7-9A81-B6B5447366B7}.Release|Any CPU.Build.0 = Release|Any CPU
		{2DEFE3EF-1683-46A7-9A81-B6B5447366B7}.Release|x64.ActiveCfg = Release|Any CPU
		{2DEFE3EF-1683-46A7-9A81-B6B5447366B7}.Release|x64.Build.0 = Release|Any CPU
		{2DEFE3EF-1683-46A7-9A81-B6B5447366B7}.Release|x86.ActiveCfg = Release|Any CPU
		{2DEFE3EF-1683-46A7-9A81-B6B5447366B7}.Release|x86.Build.0 = Release|Any CPU
	EndGlobalSection
	GlobalSection(SolutionProperties) = preSolution
		HideSolutionNode = FALSE
	EndGlobalSection
	GlobalSection(NestedProjects) = preSolution
		{EAE7F4A9-00FA-4A3E-8130-45238F44ED1A} = {881589EE-639B-0A35-DBCE-5D94E4FC90C0}
		{FB97D592-B9D0-4D56-9464-10D3EFE5E388} = {A0D292EA-3356-3297-4CAD-B50F1D217112}
		{65BA1988-5D28-4793-95B7-2FB8741454C3} = {A0D292EA-3356-3297-4CAD-B50F1D217112}
		{D3133AA0-6D41-487D-B150-0F80990F7FDE} = {A0D292EA-3356-3297-4CAD-B50F1D217112}
		{913CA45C-2452-4A96-A431-C20DE963C5A4} = {A0D292EA-3356-3297-4CAD-B50F1D217112}
		{27526338-B31D-4DB7-BD09-C7EFC00624C1} = {A0D292EA-3356-3297-4CAD-B50F1D217112}
		{92234BEF-AC7D-4601-9D51-6DD8059C5500} = {E2890365-AE13-6230-6F90-9C3F97B2EEC6}
		{2943D39E-925F-4A46-9976-C7C1B2C224B9} = {E2890365-AE13-6230-6F90-9C3F97B2EEC6}
		{EA549A03-52FD-42CF-A3E3-94C283F5CB08} = {E2890365-AE13-6230-6F90-9C3F97B2EEC6}
		{99C81571-083C-45F1-B7AE-3254B2E30A38} = {E2890365-AE13-6230-6F90-9C3F97B2EEC6}
		{65F38C89-E3AD-43E5-9085-E0EFCAB3F38F} = {E2890365-AE13-6230-6F90-9C3F97B2EEC6}
		{8F3769AE-F994-48F4-89A5-B164A9AC0BE6} = {A0D292EA-3356-3297-4CAD-B50F1D217112}
		{2DEFE3EF-1683-46A7-9A81-B6B5447366B7} = {E2890365-AE13-6230-6F90-9C3F97B2EEC6}
	EndGlobalSection
EndGlobal
